{
    "version": 3,
    "terraform_version": "0.11.7",
    "serial": 2,
    "lineage": "f142be41-597a-28ce-c40f-4226449e5ebd",
    "modules": [
        {
            "path": [
                "root"
            ],
            "outputs": {},
            "resources": {
                "alicloud_vpc.default": {
                    "type": "alicloud_vpc",
                    "depends_on": [],
                    "primary": {
                        "id": "vpc-gw8xm03wygg2zb7qd8wqb",
                        "attributes": {
                            "cidr_block": "172.16.0.0/12",
                            "description": "",
                            "id": "vpc-gw8xm03wygg2zb7qd8wqb",
                            "name": "tf-vpc",
                            "route_table_id": "vtb-gw8exuc1tmxf5qn3et2np",
                            "router_id": "vrt-gw8gljfb15594fq7ypgac",
                            "router_table_id": "vtb-gw8exuc1tmxf5qn3et2np"
                        },
                        "meta": {},
                        "tainted": false
                    },
                    "deposed": [],
                    "provider": "provider.alicloud"
                }
            },
            "depends_on": []
        }
    ]
}
